
Microsoft Visual Studio Solution File, Format Version 12.00
# Visual Studio 15
VisualStudioVersion = 15.0.28307.136
MinimumVisualStudioVersion = 10.0.40219.1
Project("{FAE04EC0-301F-11D3-BF4B-00C04F79EFBC}") = "Calculator", "Calculator\Calculator.csproj", "{5BF21979-33DA-41CD-95E8-7D90586261A4}"
EndProject
Project("{FAE04EC0-301F-11D3-BF4B-00C04F79EFBC}") = "ArithmeticCalculator", "ArithmeticCalculator\ArithmeticCalculator.csproj", "{92A8A522-5073-4309-B4F6-8298589D6DC8}"
EndProject
Project("{FAE04EC0-301F-11D3-BF4B-00C04F79EFBC}") = "LoanCalculator", "LoanCalculator\LoanCalculator.csproj", "{9A1B815A-EA7A-4359-8AA3-704CB130980C}"
EndProject
Project("{FAE04EC0-301F-11D3-BF4B-00C04F79EFBC}") = "PostageCalculate", "PostageCalculate\PostageCalculate.csproj", "{20990514-63C3-4C63-860E-2FD375E79485}"
EndProject
Project("{FAE04EC0-301F-11D3-BF4B-00C04F79EFBC}") = "CalculateProject", "CalculateProject\CalculateProject.csproj", "{7DF56655-7ED9-4612-8BC4-03D927B27076}"
EndProject
Project("{FAE04EC0-301F-11D3-BF4B-00C04F79EFBC}") = "InterestCalculate", "InterestCalculate\InterestCalculate.csproj", "{3DA7C19A-D0F9-4DE7-B84A-82F881D9BDE2}"
EndProject
Global
	GlobalSection(SolutionConfigurationPlatforms) = preSolution
		Debug|Any CPU = Debug|Any CPU
		Release|Any CPU = Release|Any CPU
	EndGlobalSection
	GlobalSection(ProjectConfigurationPlatforms) = postSolution
		{5BF21979-33DA-41CD-95E8-7D90586261A4}.Debug|Any CPU.ActiveCfg = Debug|Any CPU
		{5BF21979-33DA-41CD-95E8-7D90586261A4}.Debug|Any CPU.Build.0 = Debug|Any CPU
		{5BF21979-33DA-41CD-95E8-7D90586261A4}.Release|Any CPU.ActiveCfg = Release|Any CPU
		{5BF21979-33DA-41CD-95E8-7D90586261A4}.Release|Any CPU.Build.0 = Release|Any CPU
		{92A8A522-5073-4309-B4F6-8298589D6DC8}.Debug|Any CPU.ActiveCfg = Debug|Any CPU
		{92A8A522-5073-4309-B4F6-8298589D6DC8}.Debug|Any CPU.Build.0 = Debug|Any CPU
		{92A8A522-5073-4309-B4F6-8298589D6DC8}.Release|Any CPU.ActiveCfg = Release|Any CPU
		{92A8A522-5073-4309-B4F6-8298589D6DC8}.Release|Any CPU.Build.0 = Release|Any CPU
		{9A1B815A-EA7A-4359-8AA3-704CB130980C}.Debug|Any CPU.ActiveCfg = Debug|Any CPU
		{9A1B815A-EA7A-4359-8AA3-704CB130980C}.Debug|Any CPU.Build.0 = Debug|Any CPU
		{9A1B815A-EA7A-4359-8AA3-704CB130980C}.Release|Any CPU.ActiveCfg = Release|Any CPU
		{9A1B815A-EA7A-4359-8AA3-704CB130980C}.Release|Any CPU.Build.0 = Release|Any CPU
		{20990514-63C3-4C63-860E-2FD375E79485}.Debug|Any CPU.ActiveCfg = Debug|Any CPU
		{20990514-63C3-4C63-860E-2FD375E79485}.Debug|Any CPU.Build.0 = Debug|Any CPU
		{20990514-63C3-4C63-860E-2FD375E79485}.Release|Any CPU.ActiveCfg = Release|Any CPU
		{20990514-63C3-4C63-860E-2FD375E79485}.Release|Any CPU.Build.0 = Release|Any CPU
		{7DF56655-7ED9-4612-8BC4-03D927B27076}.Debug|Any CPU.ActiveCfg = Debug|Any CPU
		{7DF56655-7ED9-4612-8BC4-03D927B27076}.Debug|Any CPU.Build.0 = Debug|Any CPU
		{7DF56655-7ED9-4612-8BC4-03D927B27076}.Release|Any CPU.ActiveCfg = Release|Any CPU
		{7DF56655-7ED9-4612-8BC4-03D927B27076}.Release|Any CPU.Build.0 = Release|Any CPU
		{3DA7C19A-D0F9-4DE7-B84A-82F881D9BDE2}.Debug|Any CPU.ActiveCfg = Debug|Any CPU
		{3DA7C19A-D0F9-4DE7-B84A-82F881D9BDE2}.Debug|Any CPU.Build.0 = Debug|Any CPU
		{3DA7C19A-D0F9-4DE7-B84A-82F881D9BDE2}.Release|Any CPU.ActiveCfg = Release|Any CPU
		{3DA7C19A-D0F9-4DE7-B84A-82F881D9BDE2}.Release|Any CPU.Build.0 = Release|Any CPU
	EndGlobalSection
	GlobalSection(SolutionProperties) = preSolution
		HideSolutionNode = FALSE
	EndGlobalSection
	GlobalSection(ExtensibilityGlobals) = postSolution
		SolutionGuid = {AA6B7DBD-6091-440F-959F-38A70E0235DF}
	EndGlobalSection
EndGlobal
